Microsoft Visual Studio Solution File, Format Version 12.00
# Visual Studio Version 17
VisualStudioVersion = 17.0.31903.59
MinimumVisualStudioVersion = 10.0.40219.1
Project("{FAE04EC0-301F-11D3-BF4B-00C04F79EFBC}") = "Loadout.Core", "src\Loadout.Core\Loadout.Core.csproj", "{8A3F2E10-1A4B-4F9C-9D1F-1A1F1A1F1A1F}"
EndProject
Global
	GlobalSection(SolutionConfigurationPlatforms) = preSolution
		Debug|Any CPU = Debug|Any CPU
		Release|Any CPU = Release|Any CPU
	EndGlobalSection
	GlobalSection(ProjectConfigurationPlatforms) = postSolution
		{8A3F2E10-1A4B-4F9C-9D1F-1A1F1A1F1A1F}.Debug|Any CPU.ActiveCfg = Debug|Any CPU
		{8A3F2E10-1A4B-4F9C-9D1F-1A1F1A1F1A1F}.Debug|Any CPU.Build.0 = Debug|Any CPU
		{8A3F2E10-1A4B-4F9C-9D1F-1A1F1A1F1A1F}.Release|Any CPU.ActiveCfg = Release|Any CPU
		{8A3F2E10-1A4B-4F9C-9D1F-1A1F1A1F1A1F}.Release|Any CPU.Build.0 = Release|Any CPU
	EndGlobalSection
EndGlobal
